
Microsoft Visual Studio Solution File, Format Version 12.00
# Visual Studio Version 17
VisualStudioVersion = 17.2.32526.322
MinimumVisualStudioVersion = 10.0.40219.1
Project("{2150E333-8FDC-42A3-9474-1A3956D46DE8}") = "Solution Items", "Solution Items", "{F6236987-D6EE-4572-B47B-0A4EB9372917}"
	ProjectSection(SolutionItems) = preProject
		.editorconfig = .editorconfig
		coding.ruleset = coding.ruleset
		Directory.Build.props = Directory.Build.props
	EndProjectSection
EndProject
Project("{2150E333-8FDC-42A3-9474-1A3956D46DE8}") = "libs", "libs", "{18F3997D-0AC3-4F1D-AB07-613F1F5BDCB7}"
EndProject
Project("{9A19103F-16F7-4668-BE54-9A1E7A4F7556}") = "COLID.Cache", "libs\COLID.Cache\COLID.Cache.csproj", "{9FA33E2D-3952-41EC-B3E9-D0004A63F10E}"
EndProject
Project("{9A19103F-16F7-4668-BE54-9A1E7A4F7556}") = "COLID.Common", "libs\COLID.Common\COLID.Common.csproj", "{2EF9E01D-1587-4973-8086-246BA2C74F98}"
EndProject
Project("{9A19103F-16F7-4668-BE54-9A1E7A4F7556}") = "COLID.Exception", "libs\COLID.Exception\COLID.Exception.csproj", "{D7DFE7A9-69F0-4D84-A192-68262D05876A}"
EndProject
Project("{9A19103F-16F7-4668-BE54-9A1E7A4F7556}") = "COLID.Graph", "libs\COLID.Graph\COLID.Graph.csproj", "{A92D0615-27B2-4BDE-8B56-E9531B48D70D}"
EndProject
Project("{9A19103F-16F7-4668-BE54-9A1E7A4F7556}") = "COLID.Identity", "libs\COLID.Identity\COLID.Identity.csproj", "{06556B4E-6DF4-4EEC-BA5D-453089ABEC9D}"
EndProject
Project("{9A19103F-16F7-4668-BE54-9A1E7A4F7556}") = "COLID.StatisticsLog", "libs\COLID.StatisticsLog\COLID.StatisticsLog.csproj", "{917882D5-3704-44EF-A838-B1C2842843D1}"
EndProject
Project("{9A19103F-16F7-4668-BE54-9A1E7A4F7556}") = "COLID.MessageQueue", "libs\COLID.MessageQueue\COLID.MessageQueue.csproj", "{057C438F-D70B-4102-B15C-25E0D800E357}"
EndProject
Project("{9A19103F-16F7-4668-BE54-9A1E7A4F7556}") = "COLID.Swagger", "libs\COLID.Swagger\COLID.Swagger.csproj", "{44F987A0-E3EB-40E4-8F94-E3FFE73ECD6A}"
EndProject
Project("{9A19103F-16F7-4668-BE54-9A1E7A4F7556}") = "COLID.Maintenance", "libs\COLID.Maintenance\COLID.Maintenance.csproj", "{F6F9D1F5-E4CC-4C85-8069-140072C1A767}"
EndProject
Project("{2150E333-8FDC-42A3-9474-1A3956D46DE8}") = "tests", "tests", "{020C420D-B9FA-4F58-ABBA-EF46E6475EE7}"
EndProject
Project("{9A19103F-16F7-4668-BE54-9A1E7A4F7556}") = "COLID.Cache.Tests", "libs\tests\COLID.Cache.Tests\COLID.Cache.Tests.csproj", "{723157E8-B224-4B13-B655-78E44E206344}"
EndProject
Project("{2150E333-8FDC-42A3-9474-1A3956D46DE8}") = "src", "src", "{557DE41A-4B1C-4475-BB5F-9E4F36BA69F0}"
EndProject
Project("{9A19103F-16F7-4668-BE54-9A1E7A4F7556}") = "COLID.RegistrationService.Common", "src\COLID.RegistrationService.Common\COLID.RegistrationService.Common.csproj", "{D93944A5-AD03-4D22-BBA6-0B564867E206}"
EndProject
Project("{9A19103F-16F7-4668-BE54-9A1E7A4F7556}") = "COLID.RegistrationService.References", "src\COLID.RegistrationService.References\COLID.RegistrationService.References.csproj", "{AE10BCB5-534B-462A-B0AD-9232576E0ACF}"
EndProject
Project("{9A19103F-16F7-4668-BE54-9A1E7A4F7556}") = "COLID.RegistrationService.Repositories", "src\COLID.RegistrationService.Repositories\COLID.RegistrationService.Repositories.csproj", "{419C788B-84B1-4F57-8DCB-328F87D32619}"
EndProject
Project("{9A19103F-16F7-4668-BE54-9A1E7A4F7556}") = "COLID.RegistrationService.Services", "src\COLID.RegistrationService.Services\COLID.RegistrationService.Services.csproj", "{F17DFC1D-879D-4CED-A1B0-68D303C88C17}"
EndProject
Project("{9A19103F-16F7-4668-BE54-9A1E7A4F7556}") = "COLID.RegistrationService.WebApi", "src\COLID.RegistrationService.WebApi\COLID.RegistrationService.WebApi.csproj", "{F2CCEDC6-A542-4186-AA97-C7B152E36275}"
EndProject
Project("{2150E333-8FDC-42A3-9474-1A3956D46DE8}") = "tests", "tests", "{702DECF3-758F-4546-8805-92B3C071028C}"
EndProject
Project("{9A19103F-16F7-4668-BE54-9A1E7A4F7556}") = "COLID.RegistrationService.Tests.Functional", "tests\COLID.RegistrationService.Tests.Functional\COLID.RegistrationService.Tests.Functional.csproj", "{34EF87BD-02C7-407E-8B7B-BE97FD00AA49}"
EndProject
Project("{9A19103F-16F7-4668-BE54-9A1E7A4F7556}") = "COLID.RegistrationService.Tests.Unit", "tests\COLID.RegistrationService.Tests.Unit\COLID.RegistrationService.Tests.Unit.csproj", "{17B3DB4B-BD77-4351-8A94-33A04249BA27}"
EndProject
Project("{9A19103F-16F7-4668-BE54-9A1E7A4F7556}") = "COLID.Graph.Tests", "libs\tests\COLID.Graph.Tests\COLID.Graph.Tests.csproj", "{0647010F-2B22-4CA3-B6C1-BF1FCF251228}"
EndProject
Project("{9A19103F-16F7-4668-BE54-9A1E7A4F7556}") = "COLID.AWS", "libs\COLID.AWS\COLID.AWS.csproj", "{8AEE3395-7826-4E2E-B023-1977D6A88660}"
EndProject
Project("{9A19103F-16F7-4668-BE54-9A1E7A4F7556}") = "COLID.AWS.Tests", "libs\tests\COLID.AWS.Tests\COLID.AWS.Tests.csproj", "{B8B04D5E-ABB8-41D4-840A-72AFB10477D4}"
EndProject
Global
	GlobalSection(SolutionConfigurationPlatforms) = preSolution
		Debug|Any CPU = Debug|Any CPU
		Release|Any CPU = Release|Any CPU
	EndGlobalSection
	GlobalSection(ProjectConfigurationPlatforms) = postSolution
		{9FA33E2D-3952-41EC-B3E9-D0004A63F10E}.Debug|Any CPU.ActiveCfg = Debug|Any CPU
		{9FA33E2D-3952-41EC-B3E9-D0004A63F10E}.Debug|Any CPU.Build.0 = Debug|Any CPU
		{9FA33E2D-3952-41EC-B3E9-D0004A63F10E}.Release|Any CPU.ActiveCfg = Release|Any CPU
		{9FA33E2D-3952-41EC-B3E9-D0004A63F10E}.Release|Any CPU.Build.0 = Release|Any CPU
		{2EF9E01D-1587-4973-8086-246BA2C74F98}.Debug|Any CPU.ActiveCfg = Debug|Any CPU
		{2EF9E01D-1587-4973-8086-246BA2C74F98}.Debug|Any CPU.Build.0 = Debug|Any CPU
		{2EF9E01D-1587-4973-8086-246BA2C74F98}.Release|Any CPU.ActiveCfg = Release|Any CPU
		{2EF9E01D-1587-4973-8086-246BA2C74F98}.Release|Any CPU.Build.0 = Release|Any CPU
		{D7DFE7A9-69F0-4D84-A192-68262D05876A}.Debug|Any CPU.ActiveCfg = Debug|Any CPU
		{D7DFE7A9-69F0-4D84-A192-68262D05876A}.Debug|Any CPU.Build.0 = Debug|Any CPU
		{D7DFE7A9-69F0-4D84-A192-68262D05876A}.Release|Any CPU.ActiveCfg = Release|Any CPU
		{D7DFE7A9-69F0-4D84-A192-68262D05876A}.Release|Any CPU.Build.0 = Release|Any CPU
		{A92D0615-27B2-4BDE-8B56-E9531B48D70D}.Debug|Any CPU.ActiveCfg = Debug|Any CPU
		{A92D0615-27B2-4BDE-8B56-E9531B48D70D}.Debug|Any CPU.Build.0 = Debug|Any CPU
		{A92D0615-27B2-4BDE-8B56-E9531B48D70D}.Release|Any CPU.ActiveCfg = Release|Any CPU
		{A92D0615-27B2-4BDE-8B56-E9531B48D70D}.Release|Any CPU.Build.0 = Release|Any CPU
		{06556B4E-6DF4-4EEC-BA5D-453089ABEC9D}.Debug|Any CPU.ActiveCfg = Debug|Any CPU
		{06556B4E-6DF4-4EEC-BA5D-453089ABEC9D}.Debug|Any CPU.Build.0 = Debug|Any CPU
		{06556B4E-6DF4-4EEC-BA5D-453089ABEC9D}.Release|Any CPU.ActiveCfg = Release|Any CPU
		{06556B4E-6DF4-4EEC-BA5D-453089ABEC9D}.Release|Any CPU.Build.0 = Release|Any CPU
		{917882D5-3704-44EF-A838-B1C2842843D1}.Debug|Any CPU.ActiveCfg = Debug|Any CPU
		{917882D5-3704-44EF-A838-B1C2842843D1}.Debug|Any CPU.Build.0 = Debug|Any CPU
		{917882D5-3704-44EF-A838-B1C2842843D1}.Release|Any CPU.ActiveCfg = Release|Any CPU
		{917882D5-3704-44EF-A838-B1C2842843D1}.Release|Any CPU.Build.0 = Release|Any CPU
		{057C438F-D70B-4102-B15C-25E0D800E357}.Debug|Any CPU.ActiveCfg = Debug|Any CPU
		{057C438F-D70B-4102-B15C-25E0D800E357}.Debug|Any CPU.Build.0 = Debug|Any CPU
		{057C438F-D70B-4102-B15C-25E0D800E357}.Release|Any CPU.ActiveCfg = Release|Any CPU
		{057C438F-D70B-4102-B15C-25E0D800E357}.Release|Any CPU.Build.0 = Release|Any CPU
		{44F987A0-E3EB-40E4-8F94-E3FFE73ECD6A}.Debug|Any CPU.ActiveCfg = Debug|Any CPU
		{44F987A0-E3EB-40E4-8F94-E3FFE73ECD6A}.Debug|Any CPU.Build.0 = Debug|Any CPU
		{44F987A0-E3EB-40E4-8F94-E3FFE73ECD6A}.Release|Any CPU.ActiveCfg = Release|Any CPU
		{44F987A0-E3EB-40E4-8F94-E3FFE73ECD6A}.Release|Any CPU.Build.0 = Release|Any CPU
		{F6F9D1F5-E4CC-4C85-8069-140072C1A767}.Debug|Any CPU.ActiveCfg = Debug|Any CPU
		{F6F9D1F5-E4CC-4C85-8069-140072C1A767}.Debug|Any CPU.Build.0 = Debug|Any CPU
		{F6F9D1F5-E4CC-4C85-8069-140072C1A767}.Release|Any CPU.ActiveCfg = Release|Any CPU
		{F6F9D1F5-E4CC-4C85-8069-140072C1A767}.Release|Any CPU.Build.0 = Release|Any CPU
		{723157E8-B224-4B13-B655-78E44E206344}.Debug|Any CPU.ActiveCfg = Debug|Any CPU
		{723157E8-B224-4B13-B655-78E44E206344}.Debug|Any CPU.Build.0 = Debug|Any CPU
		{723157E8-B224-4B13-B655-78E44E206344}.Release|Any CPU.ActiveCfg = Release|Any CPU
		{723157E8-B224-4B13-B655-78E44E206344}.Release|Any CPU.Build.0 = Release|Any CPU
		{D93944A5-AD03-4D22-BBA6-0B564867E206}.Debug|Any CPU.ActiveCfg = Debug|Any CPU
		{D93944A5-AD03-4D22-BBA6-0B564867E206}.Debug|Any CPU.Build.0 = Debug|Any CPU
		{D93944A5-AD03-4D22-BBA6-0B564867E206}.Release|Any CPU.ActiveCfg = Release|Any CPU
		{D93944A5-AD03-4D22-BBA6-0B564867E206}.Release|Any CPU.Build.0 = Release|Any CPU
		{AE10BCB5-534B-462A-B0AD-9232576E0ACF}.Debug|Any CPU.ActiveCfg = Debug|Any CPU
		{AE10BCB5-534B-462A-B0AD-9232576E0ACF}.Debug|Any CPU.Build.0 = Debug|Any CPU
		{AE10BCB5-534B-462A-B0AD-9232576E0ACF}.Release|Any CPU.ActiveCfg = Release|Any CPU
		{AE10BCB5-534B-462A-B0AD-9232576E0ACF}.Release|Any CPU.Build.0 = Release|Any CPU
		{419C788B-84B1-4F57-8DCB-328F87D32619}.Debug|Any CPU.ActiveCfg = Debug|Any CPU
		{419C788B-84B1-4F57-8DCB-328F87D32619}.Debug|Any CPU.Build.0 = Debug|Any CPU
		{419C788B-84B1-4F57-8DCB-328F87D32619}.Release|Any CPU.ActiveCfg = Release|Any CPU
		{419C788B-84B1-4F57-8DCB-328F87D32619}.Release|Any CPU.Build.0 = Release|Any CPU
		{F17DFC1D-879D-4CED-A1B0-68D303C88C17}.Debug|Any CPU.ActiveCfg = Debug|Any CPU
		{F17DFC1D-879D-4CED-A1B0-68D303C88C17}.Debug|Any CPU.Build.0 = Debug|Any CPU
		{F17DFC1D-879D-4CED-A1B0-68D303C88C17}.Release|Any CPU.ActiveCfg = Release|Any CPU
		{F17DFC1D-879D-4CED-A1B0-68D303C88C17}.Release|Any CPU.Build.0 = Release|Any CPU
		{F2CCEDC6-A542-4186-AA97-C7B152E36275}.Debug|Any CPU.ActiveCfg = Debug|Any CPU
		{F2CCEDC6-A542-4186-AA97-C7B152E36275}.Debug|Any CPU.Build.0 = Debug|Any CPU
		{F2CCEDC6-A542-4186-AA97-C7B152E36275}.Release|Any CPU.ActiveCfg = Release|Any CPU
		{F2CCEDC6-A542-4186-AA97-C7B152E36275}.Release|Any CPU.Build.0 = Release|Any CPU
		{34EF87BD-02C7-407E-8B7B-BE97FD00AA49}.Debug|Any CPU.ActiveCfg = Debug|Any CPU
		{34EF87BD-02C7-407E-8B7B-BE97FD00AA49}.Debug|Any CPU.Build.0 = Debug|Any CPU
		{34EF87BD-02C7-407E-8B7B-BE97FD00AA49}.Release|Any CPU.ActiveCfg = Release|Any CPU
		{34EF87BD-02C7-407E-8B7B-BE97FD00AA49}.Release|Any CPU.Build.0 = Release|Any CPU
		{17B3DB4B-BD77-4351-8A94-33A04249BA27}.Debug|Any CPU.ActiveCfg = Debug|Any CPU
		{17B3DB4B-BD77-4351-8A94-33A04249BA27}.Debug|Any CPU.Build.0 = Debug|Any CPU
		{17B3DB4B-BD77-4351-8A94-33A04249BA27}.Release|Any CPU.ActiveCfg = Release|Any CPU
		{17B3DB4B-BD77-4351-8A94-33A04249BA27}.Release|Any CPU.Build.0 = Release|Any CPU
		{0647010F-2B22-4CA3-B6C1-BF1FCF251228}.Debug|Any CPU.ActiveCfg = Debug|Any CPU
		{0647010F-2B22-4CA3-B6C1-BF1FCF251228}.Debug|Any CPU.Build.0 = Debug|Any CPU
		{0647010F-2B22-4CA3-B6C1-BF1FCF251228}.Release|Any CPU.ActiveCfg = Release|Any CPU
		{0647010F-2B22-4CA3-B6C1-BF1FCF251228}.Release|Any CPU.Build.0 = Release|Any CPU
		{8AEE3395-7826-4E2E-B023-1977D6A88660}.Debug|Any CPU.ActiveCfg = Debug|Any CPU
		{8AEE3395-7826-4E2E-B023-1977D6A88660}.Debug|Any CPU.Build.0 = Debug|Any CPU
		{8AEE3395-7826-4E2E-B023-1977D6A88660}.Release|Any CPU.ActiveCfg = Release|Any CPU
		{8AEE3395-7826-4E2E-B023-1977D6A88660}.Release|Any CPU.Build.0 = Release|Any CPU
		{B8B04D5E-ABB8-41D4-840A-72AFB10477D4}.Debug|Any CPU.ActiveCfg = Debug|Any CPU
		{B8B04D5E-ABB8-41D4-840A-72AFB10477D4}.Debug|Any CPU.Build.0 = Debug|Any CPU
		{B8B04D5E-ABB8-41D4-840A-72AFB10477D4}.Release|Any CPU.ActiveCfg = Release|Any CPU
		{B8B04D5E-ABB8-41D4-840A-72AFB10477D4}.Release|Any CPU.Build.0 = Release|Any CPU
	EndGlobalSection
	GlobalSection(SolutionProperties) = preSolution
		HideSolutionNode = FALSE
	EndGlobalSection
	GlobalSection(NestedProjects) = preSolution
		{9FA33E2D-3952-41EC-B3E9-D0004A63F10E} = {18F3997D-0AC3-4F1D-AB07-613F1F5BDCB7}
		{2EF9E01D-1587-4973-8086-246BA2C74F98} = {18F3997D-0AC3-4F1D-AB07-613F1F5BDCB7}
		{D7DFE7A9-69F0-4D84-A192-68262D05876A} = {18F3997D-0AC3-4F1D-AB07-613F1F5BDCB7}
		{A92D0615-27B2-4BDE-8B56-E9531B48D70D} = {18F3997D-0AC3-4F1D-AB07-613F1F5BDCB7}
		{06556B4E-6DF4-4EEC-BA5D-453089ABEC9D} = {18F3997D-0AC3-4F1D-AB07-613F1F5BDCB7}
		{917882D5-3704-44EF-A838-B1C2842843D1} = {18F3997D-0AC3-4F1D-AB07-613F1F5BDCB7}
		{057C438F-D70B-4102-B15C-25E0D800E357} = {18F3997D-0AC3-4F1D-AB07-613F1F5BDCB7}
		{44F987A0-E3EB-40E4-8F94-E3FFE73ECD6A} = {18F3997D-0AC3-4F1D-AB07-613F1F5BDCB7}
		{F6F9D1F5-E4CC-4C85-8069-140072C1A767} = {18F3997D-0AC3-4F1D-AB07-613F1F5BDCB7}
		{723157E8-B224-4B13-B655-78E44E206344} = {702DECF3-758F-4546-8805-92B3C071028C}
		{D93944A5-AD03-4D22-BBA6-0B564867E206} = {557DE41A-4B1C-4475-BB5F-9E4F36BA69F0}
		{AE10BCB5-534B-462A-B0AD-9232576E0ACF} = {557DE41A-4B1C-4475-BB5F-9E4F36BA69F0}
		{419C788B-84B1-4F57-8DCB-328F87D32619} = {557DE41A-4B1C-4475-BB5F-9E4F36BA69F0}
		{F17DFC1D-879D-4CED-A1B0-68D303C88C17} = {557DE41A-4B1C-4475-BB5F-9E4F36BA69F0}
		{F2CCEDC6-A542-4186-AA97-C7B152E36275} = {557DE41A-4B1C-4475-BB5F-9E4F36BA69F0}
		{702DECF3-758F-4546-8805-92B3C071028C} = {18F3997D-0AC3-4F1D-AB07-613F1F5BDCB7}
		{34EF87BD-02C7-407E-8B7B-BE97FD00AA49} = {020C420D-B9FA-4F58-ABBA-EF46E6475EE7}
		{17B3DB4B-BD77-4351-8A94-33A04249BA27} = {020C420D-B9FA-4F58-ABBA-EF46E6475EE7}
		{0647010F-2B22-4CA3-B6C1-BF1FCF251228} = {702DECF3-758F-4546-8805-92B3C071028C}
		{8AEE3395-7826-4E2E-B023-1977D6A88660} = {18F3997D-0AC3-4F1D-AB07-613F1F5BDCB7}
		{B8B04D5E-ABB8-41D4-840A-72AFB10477D4} = {702DECF3-758F-4546-8805-92B3C071028C}
	EndGlobalSection
	GlobalSection(ExtensibilityGlobals) = postSolution
		SolutionGuid = {7928B239-D524-4577-AF63-1BC5A8388F31}
	EndGlobalSection
EndGlobal
